{
  "nodes": {
    "nixpkgs": {
      "locked": {
        "lastModified": 1722787208,
        "narHash": "sha256-IthAL+1ZonQydk5nAXYEDxWH9Q/Gugn87rFk5EaNJR0=",
        "owner": "NixOS",
        "repo": "nixpkgs",
        "rev": "f5d82712fca5c2022ad6e966c0a35421c5183271",
        "type": "github"
      },
      "original": {
        "owner": "NixOS",
        "ref": "master",
        "repo": "nixpkgs",
        "type": "github"
      }
    },
    "root": {
      "inputs": {
        "nixpkgs": "nixpkgs"
      }
    }
  },
  "root": "root",
  "version": 7
}
